// !$*UTF8*$!
{
	archiveVersion = 1;
	classes = {
	};
	objectVersion = 56;
	objects = {

/* Begin PBXBuildFile section */
		6424283E2A1D6D77006B35BD /* CategoryHome.swift in Sources */ = {isa = PBXBuildFile; fileRef = 6424283D2A1D6D77006B35BD /* CategoryHome.swift */; };
		642428402A1D7570006B35BD /* CategoryRow.swift in Sources */ = {isa = PBXBuildFile; fileRef = 6424283F2A1D7570006B35BD /* CategoryRow.swift */; };
		642428422A1D7B12006B35BD /* CategoryItem.swift in Sources */ = {isa = PBXBuildFile; fileRef = 642428412A1D7B12006B35BD /* CategoryItem.swift */; };
		642F9EE72A1C0CE30048A096 /* hikeData.json in Resources */ = {isa = PBXBuildFile; fileRef = 642F9EE62A1C0CE30048A096 /* hikeData.json */; };
		642F9EE92A1C0E250048A096 /* Hike.swift in Sources */ = {isa = PBXBuildFile; fileRef = 642F9EE82A1C0E250048A096 /* Hike.swift */; };
		6442FF0A2A1EE2420039815D /* Profile.swift in Sources */ = {isa = PBXBuildFile; fileRef = 6442FF092A1EE2420039815D /* Profile.swift */; };
		6442FF0D2A1EE3D40039815D /* ProfileHost.swift in Sources */ = {isa = PBXBuildFile; fileRef = 6442FF0C2A1EE3D40039815D /* ProfileHost.swift */; };
		6442FF0F2A1EE46B0039815D /* ProfileSummary.swift in Sources */ = {isa = PBXBuildFile; fileRef = 6442FF0E2A1EE46B0039815D /* ProfileSummary.swift */; };
		6467D16A2A1C2F8B009E7E62 /* GraphCapsule.swift in Sources */ = {isa = PBXBuildFile; fileRef = 6467D1692A1C2F8B009E7E62 /* GraphCapsule.swift */; };
		6467D16C2A1C2F9D009E7E62 /* HikeDetail.swift in Sources */ = {isa = PBXBuildFile; fileRef = 6467D16B2A1C2F9D009E7E62 /* HikeDetail.swift */; };
		6467D16E2A1C2FA8009E7E62 /* HikeGraph.swift in Sources */ = {isa = PBXBuildFile; fileRef = 6467D16D2A1C2FA8009E7E62 /* HikeGraph.swift */; };
		6467D1702A1C2FB3009E7E62 /* HikeView.swift in Sources */ = {isa = PBXBuildFile; fileRef = 6467D16F2A1C2FB3009E7E62 /* HikeView.swift */; };
		64A535202A15890B00F7854A /* landmarkData.json in Resources */ = {isa = PBXBuildFile; fileRef = 64A5351F2A15890B00F7854A /* landmarkData.json */; };
		64A535222A15894200F7854A /* Landmark.swift in Sources */ = {isa = PBXBuildFile; fileRef = 64A535212A15894200F7854A /* Landmark.swift */; };
		64A535242A158E0C00F7854A /* ModelData.swift in Sources */ = {isa = PBXBuildFile; fileRef = 64A535232A158E0C00F7854A /* ModelData.swift */; };
		64A5352D2A159CDF00F7854A /* LandmarkRow.swift in Sources */ = {isa = PBXBuildFile; fileRef = 64A5352C2A159CDF00F7854A /* LandmarkRow.swift */; };
		64A5352F2A15A2DC00F7854A /* LandmarkList.swift in Sources */ = {isa = PBXBuildFile; fileRef = 64A5352E2A15A2DC00F7854A /* LandmarkList.swift */; };
		64A535312A15A96100F7854A /* LandmarkDetail.swift in Sources */ = {isa = PBXBuildFile; fileRef = 64A535302A15A96100F7854A /* LandmarkDetail.swift */; };
		64E477462A183A250077CD6B /* FavoriteButton.swift in Sources */ = {isa = PBXBuildFile; fileRef = 64E477452A183A250077CD6B /* FavoriteButton.swift */; };
		64ED6EF62A2033EF00E428F1 /* ProfileEditor.swift in Sources */ = {isa = PBXBuildFile; fileRef = 64ED6EF52A2033EF00E428F1 /* ProfileEditor.swift */; };
		64FA13312A144D2100D1C6BE /* LandmarksApp.swift in Sources */ = {isa = PBXBuildFile; fileRef = 64FA13302A144D2100D1C6BE /* LandmarksApp.swift */; };
		64FA13332A144D2100D1C6BE /* ContentView.swift in Sources */ = {isa = PBXBuildFile; fileRef = 64FA13322A144D2100D1C6BE /* ContentView.swift */; };
		64FA13352A144D2100D1C6BE /* Assets.xcassets in Resources */ = {isa = PBXBuildFile; fileRef = 64FA13342A144D2100D1C6BE /* Assets.xcassets */; };
		64FA13382A144D2100D1C6BE /* Preview Assets.xcassets in Resources */ = {isa = PBXBuildFile; fileRef = 64FA13372A144D2100D1C6BE /* Preview Assets.xcassets */; };
		64FA13402A14547300D1C6BE /* ImageView.swift in Sources */ = {isa = PBXBuildFile; fileRef = 64FA133F2A14547300D1C6BE /* ImageView.swift */; };
		64FA13422A14572500D1C6BE /* MapView.swift in Sources */ = {isa = PBXBuildFile; fileRef = 64FA13412A14572500D1C6BE /* MapView.swift */; };
/* End PBXBuildFile section */

/* Begin PBXFileReference section */
		6424283D2A1D6D77006B35BD /* CategoryHome.swift */ = {isa = PBXFileReference; lastKnownFileType = sourcecode.swift; path = CategoryHome.swift; sourceTree = "<group>"; };
		6424283F2A1D7570006B35BD /* CategoryRow.swift */ = {isa = PBXFileReference; lastKnownFileType = sourcecode.swift; path = CategoryRow.swift; sourceTree = "<group>"; };
		642428412A1D7B12006B35BD /* CategoryItem.swift */ = {isa = PBXFileReference; lastKnownFileType = sourcecode.swift; path = CategoryItem.swift; sourceTree = "<group>"; };
		642F9EE62A1C0CE30048A096 /* hikeData.json */ = {isa = PBXFileReference; fileEncoding = 4; lastKnownFileType = text.json; path = hikeData.json; sourceTree = "<group>"; };
		642F9EE82A1C0E250048A096 /* Hike.swift */ = {isa = PBXFileReference; lastKnownFileType = sourcecode.swift; path = Hike.swift; sourceTree = "<group>"; };
		6442FF092A1EE2420039815D /* Profile.swift */ = {isa = PBXFileReference; lastKnownFileType = sourcecode.swift; path = Profile.swift; sourceTree = "<group>"; };
		6442FF0C2A1EE3D40039815D /* ProfileHost.swift */ = {isa = PBXFileReference; lastKnownFileType = sourcecode.swift; path = ProfileHost.swift; sourceTree = "<group>"; };
		6442FF0E2A1EE46B0039815D /* ProfileSummary.swift */ = {isa = PBXFileReference; lastKnownFileType = sourcecode.swift; path = ProfileSummary.swift; sourceTree = "<group>"; };
		6467D1692A1C2F8B009E7E62 /* GraphCapsule.swift */ = {isa = PBXFileReference; fileEncoding = 4; lastKnownFileType = sourcecode.swift; path = GraphCapsule.swift; sourceTree = "<group>"; };
		6467D16B2A1C2F9D009E7E62 /* HikeDetail.swift */ = {isa = PBXFileReference; fileEncoding = 4; lastKnownFileType = sourcecode.swift; path = HikeDetail.swift; sourceTree = "<group>"; };
		6467D16D2A1C2FA8009E7E62 /* HikeGraph.swift */ = {isa = PBXFileReference; fileEncoding = 4; lastKnownFileType = sourcecode.swift; path = HikeGraph.swift; sourceTree = "<group>"; };
		6467D16F2A1C2FB3009E7E62 /* HikeView.swift */ = {isa = PBXFileReference; fileEncoding = 4; lastKnownFileType = sourcecode.swift; path = HikeView.swift; sourceTree = "<group>"; };
		64A5351F2A15890B00F7854A /* landmarkData.json */ = {isa = PBXFileReference; fileEncoding = 4; lastKnownFileType = text.json; path = landmarkData.json; sourceTree = "<group>"; };
		64A535212A15894200F7854A /* Landmark.swift */ = {isa = PBXFileReference; lastKnownFileType = sourcecode.swift; path = Landmark.swift; sourceTree = "<group>"; };
		64A535232A158E0C00F7854A /* ModelData.swift */ = {isa = PBXFileReference; lastKnownFileType = sourcecode.swift; path = ModelData.swift; sourceTree = "<group>"; };
		64A5352C2A159CDF00F7854A /* LandmarkRow.swift */ = {isa = PBXFileReference; lastKnownFileType = sourcecode.swift; path = LandmarkRow.swift; sourceTree = "<group>"; };
		64A5352E2A15A2DC00F7854A /* LandmarkList.swift */ = {isa = PBXFileReference; lastKnownFileType = sourcecode.swift; path = LandmarkList.swift; sourceTree = "<group>"; };
		64A535302A15A96100F7854A /* LandmarkDetail.swift */ = {isa = PBXFileReference; lastKnownFileType = sourcecode.swift; path = LandmarkDetail.swift; sourceTree = "<group>"; };
		64E477452A183A250077CD6B /* FavoriteButton.swift */ = {isa = PBXFileReference; lastKnownFileType = sourcecode.swift; path = FavoriteButton.swift; sourceTree = "<group>"; };
		64ED6EF52A2033EF00E428F1 /* ProfileEditor.swift */ = {isa = PBXFileReference; lastKnownFileType = sourcecode.swift; path = ProfileEditor.swift; sourceTree = "<group>"; };
		64FA132D2A144D2100D1C6BE /* Landmarks.app */ = {isa = PBXFileReference; explicitFileType = wrapper.application; includeInIndex = 0; path = Landmarks.app; sourceTree = BUILT_PRODUCTS_DIR; };
		64FA13302A144D2100D1C6BE /* LandmarksApp.swift */ = {isa = PBXFileReference; lastKnownFileType = sourcecode.swift; path = LandmarksApp.swift; sourceTree = "<group>"; };
		64FA13322A144D2100D1C6BE /* ContentView.swift */ = {isa = PBXFileReference; lastKnownFileType = sourcecode.swift; path = ContentView.swift; sourceTree = "<group>"; };
		64FA13342A144D2100D1C6BE /* Assets.xcassets */ = {isa = PBXFileReference; lastKnownFileType = folder.assetcatalog; path = Assets.xcassets; sourceTree = "<group>"; };
		64FA13372A144D2100D1C6BE /* Preview Assets.xcassets */ = {isa = PBXFileReference; lastKnownFileType = folder.assetcatalog; path = "Preview Assets.xcassets"; sourceTree = "<group>"; };
		64FA133E2A14542D00D1C6BE /* luffy.webp */ = {isa = PBXFileReference; lastKnownFileType = file; name = luffy.webp; path = Assets.xcassets/luffy.webp; sourceTree = "<group>"; };
		64FA133F2A14547300D1C6BE /* ImageView.swift */ = {isa = PBXFileReference; lastKnownFileType = sourcecode.swift; path = ImageView.swift; sourceTree = "<group>"; };
		64FA13412A14572500D1C6BE /* MapView.swift */ = {isa = PBXFileReference; lastKnownFileType = sourcecode.swift; path = MapView.swift; sourceTree = "<group>"; };
/* End PBXFileReference section */

/* Begin PBXFrameworksBuildPhase section */
		64FA132A2A144D2100D1C6BE /* Frameworks */ = {
			isa = PBXFrameworksBuildPhase;
			buildActionMask = 2147483647;
			files = (
			);
			runOnlyForDeploymentPostprocessing = 0;
		};
/* End PBXFrameworksBuildPhase section */

/* Begin PBXGroup section */
		642428432A1D7D4D006B35BD /* Category */ = {
			isa = PBXGroup;
			children = (
				6424283D2A1D6D77006B35BD /* CategoryHome.swift */,
				6424283F2A1D7570006B35BD /* CategoryRow.swift */,
				642428412A1D7B12006B35BD /* CategoryItem.swift */,
			);
			path = Category;
			sourceTree = "<group>";
		};
		6442FF0B2A1EE3A70039815D /* Profiles */ = {
			isa = PBXGroup;
			children = (
				6442FF0C2A1EE3D40039815D /* ProfileHost.swift */,
				6442FF0E2A1EE46B0039815D /* ProfileSummary.swift */,
				64ED6EF52A2033EF00E428F1 /* ProfileEditor.swift */,
			);
			path = Profiles;
			sourceTree = "<group>";
		};
		6467D1712A1C2FBD009E7E62 /* Hikes */ = {
			isa = PBXGroup;
			children = (
				6467D1692A1C2F8B009E7E62 /* GraphCapsule.swift */,
				6467D16D2A1C2FA8009E7E62 /* HikeGraph.swift */,
				6467D16B2A1C2F9D009E7E62 /* HikeDetail.swift */,
				6467D16F2A1C2FB3009E7E62 /* HikeView.swift */,
			);
			path = Hikes;
			sourceTree = "<group>";
		};
		64A535292A159BE900F7854A /* Views */ = {
			isa = PBXGroup;
			children = (
				6442FF0B2A1EE3A70039815D /* Profiles */,
				6467D1712A1C2FBD009E7E62 /* Hikes */,
				64FA13322A144D2100D1C6BE /* ContentView.swift */,
				64E477482A183D4F0077CD6B /* Helpers */,
				64E477492A183D690077CD6B /* Landmarks */,
				642428432A1D7D4D006B35BD /* Category */,
			);
			path = Views;
			sourceTree = "<group>";
		};
		64A5352A2A159BFD00F7854A /* Model */ = {
			isa = PBXGroup;
			children = (
				64A535232A158E0C00F7854A /* ModelData.swift */,
				64A535212A15894200F7854A /* Landmark.swift */,
				642F9EE82A1C0E250048A096 /* Hike.swift */,
				6442FF092A1EE2420039815D /* Profile.swift */,
			);
			path = Model;
			sourceTree = "<group>";
		};
		64A5352B2A159C0400F7854A /* Resources */ = {
			isa = PBXGroup;
			children = (
				64FA13302A144D2100D1C6BE /* LandmarksApp.swift */,
			);
			path = Resources;
			sourceTree = "<group>";
		};
		64E477482A183D4F0077CD6B /* Helpers */ = {
			isa = PBXGroup;
			children = (
				64E477452A183A250077CD6B /* FavoriteButton.swift */,
				64FA133F2A14547300D1C6BE /* ImageView.swift */,
				64FA13412A14572500D1C6BE /* MapView.swift */,
			);
			path = Helpers;
			sourceTree = "<group>";
		};
		64E477492A183D690077CD6B /* Landmarks */ = {
			isa = PBXGroup;
			children = (
				64A535302A15A96100F7854A /* LandmarkDetail.swift */,
				64A5352C2A159CDF00F7854A /* LandmarkRow.swift */,
				64A5352E2A15A2DC00F7854A /* LandmarkList.swift */,
			);
			path = Landmarks;
			sourceTree = "<group>";
		};
		64FA13242A144D2100D1C6BE = {
			isa = PBXGroup;
			children = (
				64FA132F2A144D2100D1C6BE /* Landmarks */,
				64FA132E2A144D2100D1C6BE /* Products */,
			);
			sourceTree = "<group>";
		};
		64FA132E2A144D2100D1C6BE /* Products */ = {
			isa = PBXGroup;
			children = (
				64FA132D2A144D2100D1C6BE /* Landmarks.app */,
			);
			name = Products;
			sourceTree = "<group>";
		};
		64FA132F2A144D2100D1C6BE /* Landmarks */ = {
			isa = PBXGroup;
			children = (
				64A5352B2A159C0400F7854A /* Resources */,
				64A535292A159BE900F7854A /* Views */,
				64A5352A2A159BFD00F7854A /* Model */,
				64A5351F2A15890B00F7854A /* landmarkData.json */,
				642F9EE62A1C0CE30048A096 /* hikeData.json */,
				64FA13342A144D2100D1C6BE /* Assets.xcassets */,
				64FA133E2A14542D00D1C6BE /* luffy.webp */,
				64FA13362A144D2100D1C6BE /* Preview Content */,
			);
			path = Landmarks;
			sourceTree = "<group>";
		};
		64FA13362A144D2100D1C6BE /* Preview Content */ = {
			isa = PBXGroup;
			children = (
				64FA13372A144D2100D1C6BE /* Preview Assets.xcassets */,
			);
			path = "Preview Content";
			sourceTree = "<group>";
		};
/* End PBXGroup section */

/* Begin PBXNativeTarget section */
		64FA132C2A144D2100D1C6BE /* Landmarks */ = {
			isa = PBXNativeTarget;
			buildConfigurationList = 64FA133B2A144D2100D1C6BE /* Build configuration list for PBXNativeTarget "Landmarks" */;
			buildPhases = (
				64FA13292A144D2100D1C6BE /* Sources */,
				64FA132A2A144D2100D1C6BE /* Frameworks */,
				64FA132B2A144D2100D1C6BE /* Resources */,
			);
			buildRules = (
			);
			dependencies = (
			);
			name = Landmarks;
			productName = Landmarks;
			productReference = 64FA132D2A144D2100D1C6BE /* Landmarks.app */;
			productType = "com.apple.product-type.application";
		};
/* End PBXNativeTarget section */

/* Begin PBXProject section */
		64FA13252A144D2100D1C6BE /* Project object */ = {
			isa = PBXProject;
			attributes = {
				BuildIndependentTargetsInParallel = 1;
				LastSwiftUpdateCheck = 1430;
				LastUpgradeCheck = 1430;
				TargetAttributes = {
					64FA132C2A144D2100D1C6BE = {
						CreatedOnToolsVersion = 14.3;
					};
				};
			};
			buildConfigurationList = 64FA13282A144D2100D1C6BE /* Build configuration list for PBXProject "Landmarks" */;
			compatibilityVersion = "Xcode 14.0";
			developmentRegion = en;
			hasScannedForEncodings = 0;
			knownRegions = (
				en,
				Base,
			);
			mainGroup = 64FA13242A144D2100D1C6BE;
			productRefGroup = 64FA132E2A144D2100D1C6BE /* Products */;
			projectDirPath = "";
			projectRoot = "";
			targets = (
				64FA132C2A144D2100D1C6BE /* Landmarks */,
			);
		};
/* End PBXProject section */

/* Begin PBXResourcesBuildPhase section */
		64FA132B2A144D2100D1C6BE /* Resources */ = {
			isa = PBXResourcesBuildPhase;
			buildActionMask = 2147483647;
			files = (
				642F9EE72A1C0CE30048A096 /* hikeData.json in Resources */,
				64FA13382A144D2100D1C6BE /* Preview Assets.xcassets in Resources */,
				64FA13352A144D2100D1C6BE /* Assets.xcassets in Resources */,
				64A535202A15890B00F7854A /* landmarkData.json in Resources */,
			);
			runOnlyForDeploymentPostprocessing = 0;
		};
/* End PBXResourcesBuildPhase section */

/* Begin PBXSourcesBuildPhase section */
		64FA13292A144D2100D1C6BE /* Sources */ = {
			isa = PBXSourcesBuildPhase;
			buildActionMask = 2147483647;
			files = (
				64FA13332A144D2100D1C6BE /* ContentView.swift in Sources */,
				64FA13422A14572500D1C6BE /* MapView.swift in Sources */,
				6442FF0F2A1EE46B0039815D /* ProfileSummary.swift in Sources */,
				64FA13312A144D2100D1C6BE /* LandmarksApp.swift in Sources */,
				6442FF0D2A1EE3D40039815D /* ProfileHost.swift in Sources */,
				64E477462A183A250077CD6B /* FavoriteButton.swift in Sources */,
				642428422A1D7B12006B35BD /* CategoryItem.swift in Sources */,
				6424283E2A1D6D77006B35BD /* CategoryHome.swift in Sources */,
				642F9EE92A1C0E250048A096 /* Hike.swift in Sources */,
				64A5352F2A15A2DC00F7854A /* LandmarkList.swift in Sources */,
				64A535312A15A96100F7854A /* LandmarkDetail.swift in Sources */,
				642428402A1D7570006B35BD /* CategoryRow.swift in Sources */,
				64FA13402A14547300D1C6BE /* ImageView.swift in Sources */,
				6467D16C2A1C2F9D009E7E62 /* HikeDetail.swift in Sources */,
				6467D16A2A1C2F8B009E7E62 /* GraphCapsule.swift in Sources */,
				64A535222A15894200F7854A /* Landmark.swift in Sources */,
				6467D16E2A1C2FA8009E7E62 /* HikeGraph.swift in Sources */,
				64A5352D2A159CDF00F7854A /* LandmarkRow.swift in Sources */,
				64ED6EF62A2033EF00E428F1 /* ProfileEditor.swift in Sources */,
				6442FF0A2A1EE2420039815D /* Profile.swift in Sources */,
				6467D1702A1C2FB3009E7E62 /* HikeView.swift in Sources */,
				64A535242A158E0C00F7854A /* ModelData.swift in Sources */,
			);
			runOnlyForDeploymentPostprocessing = 0;
		};
/* End PBXSourcesBuildPhase section */

/* Begin XCBuildConfiguration section */
		64FA13392A144D2100D1C6BE /* Debug */ = {
			isa = XCBuildConfiguration;
			buildSettings = {
				ALWAYS_SEARCH_USER_PATHS = NO;
				CLANG_ANALYZER_NONNULL = YES;
				CLANG_ANALYZER_NUMBER_OBJECT_CONVERSION = YES_AGGRESSIVE;
				CLANG_CXX_LANGUAGE_STANDARD = "gnu++20";
				CLANG_ENABLE_MODULES = YES;
				CLANG_ENABLE_OBJC_ARC = YES;
				CLANG_ENABLE_OBJC_WEAK = YES;
				CLANG_WARN_BLOCK_CAPTURE_AUTORELEASING = YES;
				CLANG_WARN_BOOL_CONVERSION = YES;
				CLANG_WARN_COMMA = YES;
				CLANG_WARN_CONSTANT_CONVERSION = YES;
				CLANG_WARN_DEPRECATED_OBJC_IMPLEMENTATIONS = YES;
				CLANG_WARN_DIRECT_OBJC_ISA_USAGE = YES_ERROR;
				CLANG_WARN_DOCUMENTATION_COMMENTS = YES;
				CLANG_WARN_EMPTY_BODY = YES;
				CLANG_WARN_ENUM_CONVERSION = YES;
				CLANG_WARN_INFINITE_RECURSION = YES;
				CLANG_WARN_INT_CONVERSION = YES;
				CLANG_WARN_NON_LITERAL_NULL_CONVERSION = YES;
				CLANG_WARN_OBJC_IMPLICIT_RETAIN_SELF = YES;
				CLANG_WARN_OBJC_LITERAL_CONVERSION = YES;
				CLANG_WARN_OBJC_ROOT_CLASS = YES_ERROR;
				CLANG_WARN_QUOTED_INCLUDE_IN_FRAMEWORK_HEADER = YES;
				CLANG_WARN_RANGE_LOOP_ANALYSIS = YES;
				CLANG_WARN_STRICT_PROTOTYPES = YES;
				CLANG_WARN_SUSPICIOUS_MOVE = YES;
				CLANG_WARN_UNGUARDED_AVAILABILITY = YES_AGGRESSIVE;
				CLANG_WARN_UNREACHABLE_CODE = YES;
				CLANG_WARN__DUPLICATE_METHOD_MATCH = YES;
				COPY_PHASE_STRIP = NO;
				DEBUG_INFORMATION_FORMAT = dwarf;
				ENABLE_STRICT_OBJC_MSGSEND = YES;
				ENABLE_TESTABILITY = YES;
				GCC_C_LANGUAGE_STANDARD = gnu11;
				GCC_DYNAMIC_NO_PIC = NO;
				GCC_NO_COMMON_BLOCKS = YES;
				GCC_OPTIMIZATION_LEVEL = 0;
				GCC_PREPROCESSOR_DEFINITIONS = (
					"DEBUG=1",
					"$(inherited)",
				);
				GCC_WARN_64_TO_32_BIT_CONVERSION = YES;
				GCC_WARN_ABOUT_RETURN_TYPE = YES_ERROR;
				GCC_WARN_UNDECLARED_SELECTOR = YES;
				GCC_WARN_UNINITIALIZED_AUTOS = YES_AGGRESSIVE;
				GCC_WARN_UNUSED_FUNCTION = YES;
				GCC_WARN_UNUSED_VARIABLE = YES;
				IPHONEOS_DEPLOYMENT_TARGET = 16.4;
				MTL_ENABLE_DEBUG_INFO = INCLUDE_SOURCE;
				MTL_FAST_MATH = YES;
				ONLY_ACTIVE_ARCH = YES;
				SDKROOT = iphoneos;
				SWIFT_ACTIVE_COMPILATION_CONDITIONS = DEBUG;
				SWIFT_OPTIMIZATION_LEVEL = "-Onone";
			};
			name = Debug;
		};
		64FA133A2A144D2100D1C6BE /* Release */ = {
			isa = XCBuildConfiguration;
			buildSettings = {
				ALWAYS_SEARCH_USER_PATHS = NO;
				CLANG_ANALYZER_NONNULL = YES;
				CLANG_ANALYZER_NUMBER_OBJECT_CONVERSION = YES_AGGRESSIVE;
				CLANG_CXX_LANGUAGE_STANDARD = "gnu++20";
				CLANG_ENABLE_MODULES = YES;
				CLANG_ENABLE_OBJC_ARC = YES;
				CLANG_ENABLE_OBJC_WEAK = YES;
				CLANG_WARN_BLOCK_CAPTURE_AUTORELEASING = YES;
				CLANG_WARN_BOOL_CONVERSION = YES;
				CLANG_WARN_COMMA = YES;
				CLANG_WARN_CONSTANT_CONVERSION = YES;
				CLANG_WARN_DEPRECATED_OBJC_IMPLEMENTATIONS = YES;
				CLANG_WARN_DIRECT_OBJC_ISA_USAGE = YES_ERROR;
				CLANG_WARN_DOCUMENTATION_COMMENTS = YES;
				CLANG_WARN_EMPTY_BODY = YES;
				CLANG_WARN_ENUM_CONVERSION = YES;
				CLANG_WARN_INFINITE_RECURSION = YES;
				CLANG_WARN_INT_CONVERSION = YES;
				CLANG_WARN_NON_LITERAL_NULL_CONVERSION = YES;
				CLANG_WARN_OBJC_IMPLICIT_RETAIN_SELF = YES;
				CLANG_WARN_OBJC_LITERAL_CONVERSION = YES;
				CLANG_WARN_OBJC_ROOT_CLASS = YES_ERROR;
				CLANG_WARN_QUOTED_INCLUDE_IN_FRAMEWORK_HEADER = YES;
				CLANG_WARN_RANGE_LOOP_ANALYSIS = YES;
				CLANG_WARN_STRICT_PROTOTYPES = YES;
				CLANG_WARN_SUSPICIOUS_MOVE = YES;
				CLANG_WARN_UNGUARDED_AVAILABILITY = YES_AGGRESSIVE;
				CLANG_WARN_UNREACHABLE_CODE = YES;
				CLANG_WARN__DUPLICATE_METHOD_MATCH = YES;
				COPY_PHASE_STRIP = NO;
				DEBUG_INFORMATION_FORMAT = "dwarf-with-dsym";
				ENABLE_NS_ASSERTIONS = NO;
				ENABLE_STRICT_OBJC_MSGSEND = YES;
				GCC_C_LANGUAGE_STANDARD = gnu11;
				GCC_NO_COMMON_BLOCKS = YES;
				GCC_WARN_64_TO_32_BIT_CONVERSION = YES;
				GCC_WARN_ABOUT_RETURN_TYPE = YES_ERROR;
				GCC_WARN_UNDECLARED_SELECTOR = YES;
				GCC_WARN_UNINITIALIZED_AUTOS = YES_AGGRESSIVE;
				GCC_WARN_UNUSED_FUNCTION = YES;
				GCC_WARN_UNUSED_VARIABLE = YES;
				IPHONEOS_DEPLOYMENT_TARGET = 16.4;
				MTL_ENABLE_DEBUG_INFO = NO;
				MTL_FAST_MATH = YES;
				SDKROOT = iphoneos;
				SWIFT_COMPILATION_MODE = wholemodule;
				SWIFT_OPTIMIZATION_LEVEL = "-O";
				VALIDATE_PRODUCT = YES;
			};
			name = Release;
		};
		64FA133C2A144D2100D1C6BE /* Debug */ = {
			isa = XCBuildConfiguration;
			buildSettings = {
				ASSETCATALOG_COMPILER_APPICON_NAME = AppIcon;
				ASSETCATALOG_COMPILER_GLOBAL_ACCENT_COLOR_NAME = AccentColor;
				CODE_SIGN_STYLE = Automatic;
				CURRENT_PROJECT_VERSION = 1;
				DEVELOPMENT_ASSET_PATHS = "\"Landmarks/Preview Content\"";
				ENABLE_PREVIEWS = YES;
				GENERATE_INFOPLIST_FILE = YES;
				INFOPLIST_KEY_UIApplicationSceneManifest_Generation = YES;
				INFOPLIST_KEY_UIApplicationSupportsIndirectInputEvents = YES;
				INFOPLIST_KEY_UILaunchScreen_Generation = YES;
				INFOPLIST_KEY_UISupportedInterfaceOrientations_iPad = "UIInterfaceOrientationPortrait UIInterfaceOrientationPortraitUpsideDown UIInterfaceOrientationLandscapeLeft UIInterfaceOrientationLandscapeRight";
				INFOPLIST_KEY_UISupportedInterfaceOrientations_iPhone = "UIInterfaceOrientationPortrait UIInterfaceOrientationLandscapeLeft UIInterfaceOrientationLandscapeRight";
				IPHONEOS_DEPLOYMENT_TARGET = 16.4;
				LD_RUNPATH_SEARCH_PATHS = (
					"$(inherited)",
					"@executable_path/Frameworks",
				);
				MARKETING_VERSION = 1.0;
				PRODUCT_BUNDLE_IDENTIFIER = AppleResidence.Landmarks;
				PRODUCT_NAME = "$(TARGET_NAME)";
				SWIFT_EMIT_LOC_STRINGS = YES;
				SWIFT_VERSION = 5.0;
				TARGETED_DEVICE_FAMILY = "1,2";
			};
			name = Debug;
		};
		64FA133D2A144D2100D1C6BE /* Release */ = {
			isa = XCBuildConfiguration;
			buildSettings = {
				ASSETCATALOG_COMPILER_APPICON_NAME = AppIcon;
				ASSETCATALOG_COMPILER_GLOBAL_ACCENT_COLOR_NAME = AccentColor;
				CODE_SIGN_STYLE = Automatic;
				CURRENT_PROJECT_VERSION = 1;
				DEVELOPMENT_ASSET_PATHS = "\"Landmarks/Preview Content\"";
				ENABLE_PREVIEWS = YES;
				GENERATE_INFOPLIST_FILE = YES;
				INFOPLIST_KEY_UIApplicationSceneManifest_Generation = YES;
				INFOPLIST_KEY_UIApplicationSupportsIndirectInputEvents = YES;
				INFOPLIST_KEY_UILaunchScreen_Generation = YES;
				INFOPLIST_KEY_UISupportedInterfaceOrientations_iPad = "UIInterfaceOrientationPortrait UIInterfaceOrientationPortraitUpsideDown UIInterfaceOrientationLandscapeLeft UIInterfaceOrientationLandscapeRight";
				INFOPLIST_KEY_UISupportedInterfaceOrientations_iPhone = "UIInterfaceOrientationPortrait UIInterfaceOrientationLandscapeLeft UIInterfaceOrientationLandscapeRight";
				IPHONEOS_DEPLOYMENT_TARGET = 16.4;
				LD_RUNPATH_SEARCH_PATHS = (
					"$(inherited)",
					"@executable_path/Frameworks",
				);
				MARKETING_VERSION = 1.0;
				PRODUCT_BUNDLE_IDENTIFIER = AppleResidence.Landmarks;
				PRODUCT_NAME = "$(TARGET_NAME)";
				SWIFT_EMIT_LOC_STRINGS = YES;
				SWIFT_VERSION = 5.0;
				TARGETED_DEVICE_FAMILY = "1,2";
			};
			name = Release;
		};
/* End XCBuildConfiguration section */

/* Begin XCConfigurationList section */
		64FA13282A144D2100D1C6BE /* Build configuration list for PBXProject "Landmarks" */ = {
			isa = XCConfigurationList;
			buildConfigurations = (
				64FA13392A144D2100D1C6BE /* Debug */,
				64FA133A2A144D2100D1C6BE /* Release */,
			);
			defaultConfigurationIsVisible = 0;
			defaultConfigurationName = Release;
		};
		64FA133B2A144D2100D1C6BE /* Build configuration list for PBXNativeTarget "Landmarks" */ = {
			isa = XCConfigurationList;
			buildConfigurations = (
				64FA133C2A144D2100D1C6BE /* Debug */,
				64FA133D2A144D2100D1C6BE /* Release */,
			);
			defaultConfigurationIsVisible = 0;
			defaultConfigurationName = Release;
		};
/* End XCConfigurationList section */
	};
	rootObject = 64FA13252A144D2100D1C6BE /* Project object */;
}
